// !$*UTF8*$!
{
	archiveVersion = 1;
	classes = {
	};
	objectVersion = 46;
	objects = {

/* Begin PBXBuildFile section */
		8B48731A1DC239AE008F16E7 /* AppDelegate.swift in Sources */ = {isa = PBXBuildFile; fileRef = 8B4873191DC239AE008F16E7 /* AppDelegate.swift */; };
		8B48731C1DC239AE008F16E7 /* ReminderTableViewController.swift in Sources */ = {isa = PBXBuildFile; fileRef = 8B48731B1DC239AE008F16E7 /* ReminderTableViewController.swift */; };
		8B48731E1DC239AF008F16E7 /* DetailViewController.swift in Sources */ = {isa = PBXBuildFile; fileRef = 8B48731D1DC239AF008F16E7 /* DetailViewController.swift */; };
		8B4873211DC239AF008F16E7 /* Main.storyboard in Resources */ = {isa = PBXBuildFile; fileRef = 8B48731F1DC239AF008F16E7 /* Main.storyboard */; };
		8B4873231DC239AF008F16E7 /* Assets.xcassets in Resources */ = {isa = PBXBuildFile; fileRef = 8B4873221DC239AF008F16E7 /* Assets.xcassets */; };
		8B4873261DC239AF008F16E7 /* LaunchScreen.storyboard in Resources */ = {isa = PBXBuildFile; fileRef = 8B4873241DC239AF008F16E7 /* LaunchScreen.storyboard */; };
		8B48732E1DC23A96008F16E7 /* ReminderTableViewCell.swift in Sources */ = {isa = PBXBuildFile; fileRef = 8B48732D1DC23A96008F16E7 /* ReminderTableViewCell.swift */; };
/* End PBXBuildFile section */

/* Begin PBXFileReference section */
		8B4873161DC239AE008F16E7 /* TinyReminders.app */ = {isa = PBXFileReference; explicitFileType = wrapper.application; includeInIndex = 0; path = TinyReminders.app; sourceTree = BUILT_PRODUCTS_DIR; };
		8B4873191DC239AE008F16E7 /* AppDelegate.swift */ = {isa = PBXFileReference; lastKnownFileType = sourcecode.swift; path = AppDelegate.swift; sourceTree = "<group>"; };
		8B48731B1DC239AE008F16E7 /* ReminderTableViewController.swift */ = {isa = PBXFileReference; lastKnownFileType = sourcecode.swift; path = ReminderTableViewController.swift; sourceTree = "<group>"; };
		8B48731D1DC239AF008F16E7 /* DetailViewController.swift */ = {isa = PBXFileReference; lastKnownFileType = sourcecode.swift; path = DetailViewController.swift; sourceTree = "<group>"; };
		8B4873201DC239AF008F16E7 /* Base */ = {isa = PBXFileReference; lastKnownFileType = file.storyboard; name = Base; path = Base.lproj/Main.storyboard; sourceTree = "<group>"; };
		8B4873221DC239AF008F16E7 /* Assets.xcassets */ = {isa = PBXFileReference; lastKnownFileType = folder.assetcatalog; path = Assets.xcassets; sourceTree = "<group>"; };
		8B4873251DC239AF008F16E7 /* Base */ = {isa = PBXFileReference; lastKnownFileType = file.storyboard; name = Base; path = Base.lproj/LaunchScreen.storyboard; sourceTree = "<group>"; };
		8B4873271DC239AF008F16E7 /* Info.plist */ = {isa = PBXFileReference; lastKnownFileType = text.plist.xml; path = Info.plist; sourceTree = "<group>"; };
		8B48732D1DC23A96008F16E7 /* ReminderTableViewCell.swift */ = {isa = PBXFileReference; fileEncoding = 4; lastKnownFileType = sourcecode.swift; path = ReminderTableViewCell.swift; sourceTree = "<group>"; };
/* End PBXFileReference section */

/* Begin PBXFrameworksBuildPhase section */
		8B4873131DC239AE008F16E7 /* Frameworks */ = {
			isa = PBXFrameworksBuildPhase;
			buildActionMask = 2147483647;
			files = (
			);
			runOnlyForDeploymentPostprocessing = 0;
		};
/* End PBXFrameworksBuildPhase section */

/* Begin PBXGroup section */
		8B48730D1DC239AE008F16E7 = {
			isa = PBXGroup;
			children = (
				8B4873181DC239AE008F16E7 /* TinyReminders */,
				8B4873171DC239AE008F16E7 /* Products */,
			);
			sourceTree = "<group>";
		};
		8B4873171DC239AE008F16E7 /* Products */ = {
			isa = PBXGroup;
			children = (
				8B4873161DC239AE008F16E7 /* TinyReminders.app */,
			);
			name = Products;
			sourceTree = "<group>";
		};
		8B4873181DC239AE008F16E7 /* TinyReminders */ = {
			isa = PBXGroup;
			children = (
				8B4873191DC239AE008F16E7 /* AppDelegate.swift */,
				8B48731B1DC239AE008F16E7 /* ReminderTableViewController.swift */,
				8B48731D1DC239AF008F16E7 /* DetailViewController.swift */,
				8B48731F1DC239AF008F16E7 /* Main.storyboard */,
				8B4873221DC239AF008F16E7 /* Assets.xcassets */,
				8B4873241DC239AF008F16E7 /* LaunchScreen.storyboard */,
				8B4873271DC239AF008F16E7 /* Info.plist */,
				8B48732D1DC23A96008F16E7 /* ReminderTableViewCell.swift */,
			);
			path = TinyReminders;
			sourceTree = "<group>";
		};
/* End PBXGroup section */

/* Begin PBXNativeTarget section */
		8B4873151DC239AE008F16E7 /* TinyReminders */ = {
			isa = PBXNativeTarget;
			buildConfigurationList = 8B48732A1DC239AF008F16E7 /* Build configuration list for PBXNativeTarget "TinyReminders" */;
			buildPhases = (
				8B4873121DC239AE008F16E7 /* Sources */,
				8B4873131DC239AE008F16E7 /* Frameworks */,
				8B4873141DC239AE008F16E7 /* Resources */,
			);
			buildRules = (
			);
			dependencies = (
			);
			name = TinyReminders;
			productName = TinyReminders;
			productReference = 8B4873161DC239AE008F16E7 /* TinyReminders.app */;
			productType = "com.apple.product-type.application";
		};
/* End PBXNativeTarget section */

/* Begin PBXProject section */
		8B48730E1DC239AE008F16E7 /* Project object */ = {
			isa = PBXProject;
			attributes = {
				LastSwiftUpdateCheck = 0720;
				LastUpgradeCheck = 0720;
				ORGANIZATIONNAME = SJSU;
				TargetAttributes = {
					8B4873151DC239AE008F16E7 = {
						CreatedOnToolsVersion = 7.2.1;
						DevelopmentTeam = T33N5T7876;
					};
				};
			};
			buildConfigurationList = 8B4873111DC239AE008F16E7 /* Build configuration list for PBXProject "TinyReminders" */;
			compatibilityVersion = "Xcode 3.2";
			developmentRegion = English;
			hasScannedForEncodings = 0;
			knownRegions = (
				en,
				Base,
			);
			mainGroup = 8B48730D1DC239AE008F16E7;
			productRefGroup = 8B4873171DC239AE008F16E7 /* Products */;
			projectDirPath = "";
			projectRoot = "";
			targets = (
				8B4873151DC239AE008F16E7 /* TinyReminders */,
			);
		};
/* End PBXProject section */

/* Begin PBXResourcesBuildPhase section */
		8B4873141DC239AE008F16E7 /* Resources */ = {
			isa = PBXResourcesBuildPhase;
			buildActionMask = 2147483647;
			files = (
				8B4873261DC239AF008F16E7 /* LaunchScreen.storyboard in Resources */,
				8B4873231DC239AF008F16E7 /* Assets.xcassets in Resources */,
				8B4873211DC239AF008F16E7 /* Main.storyboard in Resources */,
			);
			runOnlyForDeploymentPostprocessing = 0;
		};
/* End PBXResourcesBuildPhase section */

/* Begin PBXSourcesBuildPhase section */
		8B4873121DC239AE008F16E7 /* Sources */ = {
			isa = PBXSourcesBuildPhase;
			buildActionMask = 2147483647;
			files = (
				8B48731E1DC239AF008F16E7 /* DetailViewController.swift in Sources */,
				8B48731C1DC239AE008F16E7 /* ReminderTableViewController.swift in Sources */,
				8B48731A1DC239AE008F16E7 /* AppDelegate.swift in Sources */,
				8B48732E1DC23A96008F16E7 /* ReminderTableViewCell.swift in Sources */,
			);
			runOnlyForDeploymentPostprocessing = 0;
		};
/* End PBXSourcesBuildPhase section */

/* Begin PBXVariantGroup section */
		8B48731F1DC239AF008F16E7 /* Main.storyboard */ = {
			isa = PBXVariantGroup;
			children = (
				8B4873201DC239AF008F16E7 /* Base */,
			);
			name = Main.storyboard;
			sourceTree = "<group>";
		};
		8B4873241DC239AF008F16E7 /* LaunchScreen.storyboard */ = {
			isa = PBXVariantGroup;
			children = (
				8B4873251DC239AF008F16E7 /* Base */,
			);
			name = LaunchScreen.storyboard;
			sourceTree = "<group>";
		};
/* End PBXVariantGroup section */

/* Begin XCBuildConfiguration section */
		8B4873281DC239AF008F16E7 /* Debug */ = {
			isa = XCBuildConfiguration;
			buildSettings = {
				ALWAYS_SEARCH_USER_PATHS = NO;
				CLANG_CXX_LANGUAGE_STANDARD = "gnu++0x";
				CLANG_CXX_LIBRARY = "libc++";
				CLANG_ENABLE_MODULES = YES;
				CLANG_ENABLE_OBJC_ARC = YES;
				CLANG_WARN_BOOL_CONVERSION = YES;
				CLANG_WARN_CONSTANT_CONVERSION = YES;
				CLANG_WARN_DIRECT_OBJC_ISA_USAGE = YES_ERROR;
				CLANG_WARN_EMPTY_BODY = YES;
				CLANG_WARN_ENUM_CONVERSION = YES;
				CLANG_WARN_INT_CONVERSION = YES;
				CLANG_WARN_OBJC_ROOT_CLASS = YES_ERROR;
				CLANG_WARN_UNREACHABLE_CODE = YES;
				CLANG_WARN__DUPLICATE_METHOD_MATCH = YES;
				"CODE_SIGN_IDENTITY[sdk=iphoneos*]" = "iPhone Developer";
				COPY_PHASE_STRIP = NO;
				DEBUG_INFORMATION_FORMAT = dwarf;
				ENABLE_STRICT_OBJC_MSGSEND = YES;
				ENABLE_TESTABILITY = YES;
				GCC_C_LANGUAGE_STANDARD = gnu99;
				GCC_DYNAMIC_NO_PIC = NO;
				GCC_NO_COMMON_BLOCKS = YES;
				GCC_OPTIMIZATION_LEVEL = 0;
				GCC_PREPROCESSOR_DEFINITIONS = (
					"DEBUG=1",
					"$(inherited)",
				);
				GCC_WARN_64_TO_32_BIT_CONVERSION = YES;
				GCC_WARN_ABOUT_RETURN_TYPE = YES_ERROR;
				GCC_WARN_UNDECLARED_SELECTOR = YES;
				GCC_WARN_UNINITIALIZED_AUTOS = YES_AGGRESSIVE;
				GCC_WARN_UNUSED_FUNCTION = YES;
				GCC_WARN_UNUSED_VARIABLE = YES;
				IPHONEOS_DEPLOYMENT_TARGET = 9.2;
				MTL_ENABLE_DEBUG_INFO = YES;
				ONLY_ACTIVE_ARCH = YES;
				SDKROOT = iphoneos;
				SWIFT_OPTIMIZATION_LEVEL = "-Onone";
				TARGETED_DEVICE_FAMILY = "1,2";
			};
			name = Debug;
		};
		8B4873291DC239AF008F16E7 /* Release */ = {
			isa = XCBuildConfiguration;
			buildSettings = {
				ALWAYS_SEARCH_USER_PATHS = NO;
				CLANG_CXX_LANGUAGE_STANDARD = "gnu++0x";
				CLANG_CXX_LIBRARY = "libc++";
				CLANG_ENABLE_MODULES = YES;
				CLANG_ENABLE_OBJC_ARC = YES;
				CLANG_WARN_BOOL_CONVERSION = YES;
				CLANG_WARN_CONSTANT_CONVERSION = YES;
				CLANG_WARN_DIRECT_OBJC_ISA_USAGE = YES_ERROR;
				CLANG_WARN_EMPTY_BODY = YES;
				CLANG_WARN_ENUM_CONVERSION = YES;
				CLANG_WARN_INT_CONVERSION = YES;
				CLANG_WARN_OBJC_ROOT_CLASS = YES_ERROR;
				CLANG_WARN_UNREACHABLE_CODE = YES;
				CLANG_WARN__DUPLICATE_METHOD_MATCH = YES;
				"CODE_SIGN_IDENTITY[sdk=iphoneos*]" = "iPhone Developer";
				COPY_PHASE_STRIP = NO;
				DEBUG_INFORMATION_FORMAT = "dwarf-with-dsym";
				ENABLE_NS_ASSERTIONS = NO;
				ENABLE_STRICT_OBJC_MSGSEND = YES;
				GCC_C_LANGUAGE_STANDARD = gnu99;
				GCC_NO_COMMON_BLOCKS = YES;
				GCC_WARN_64_TO_32_BIT_CONVERSION = YES;
				GCC_WARN_ABOUT_RETURN_TYPE = YES_ERROR;
				GCC_WARN_UNDECLARED_SELECTOR = YES;
				GCC_WARN_UNINITIALIZED_AUTOS = YES_AGGRESSIVE;
				GCC_WARN_UNUSED_FUNCTION = YES;
				GCC_WARN_UNUSED_VARIABLE = YES;
				IPHONEOS_DEPLOYMENT_TARGET = 9.2;
				MTL_ENABLE_DEBUG_INFO = NO;
				SDKROOT = iphoneos;
				TARGETED_DEVICE_FAMILY = "1,2";
				VALIDATE_PRODUCT = YES;
			};
			name = Release;
		};
		8B48732B1DC239AF008F16E7 /* Debug */ = {
			isa = XCBuildConfiguration;
			buildSettings = {
				ASSETCATALOG_COMPILER_APPICON_NAME = AppIcon;
				INFOPLIST_FILE = TinyReminders/Info.plist;
				LD_RUNPATH_SEARCH_PATHS = "$(inherited) @executable_path/Frameworks";
				PRODUCT_BUNDLE_IDENTIFIER = com.sjsu.cs175.instructor.TinyReminders;
				PRODUCT_NAME = "$(TARGET_NAME)";
			};
			name = Debug;
		};
		8B48732C1DC239AF008F16E7 /* Release */ = {
			isa = XCBuildConfiguration;
			buildSettings = {
				ASSETCATALOG_COMPILER_APPICON_NAME = AppIcon;
				INFOPLIST_FILE = TinyReminders/Info.plist;
				LD_RUNPATH_SEARCH_PATHS = "$(inherited) @executable_path/Frameworks";
				PRODUCT_BUNDLE_IDENTIFIER = com.sjsu.cs175.instructor.TinyReminders;
				PRODUCT_NAME = "$(TARGET_NAME)";
			};
			name = Release;
		};
/* End XCBuildConfiguration section */

/* Begin XCConfigurationList section */
		8B4873111DC239AE008F16E7 /* Build configuration list for PBXProject "TinyReminders" */ = {
			isa = XCConfigurationList;
			buildConfigurations = (
				8B4873281DC239AF008F16E7 /* Debug */,
				8B4873291DC239AF008F16E7 /* Release */,
			);
			defaultConfigurationIsVisible = 0;
			defaultConfigurationName = Release;
		};
		8B48732A1DC239AF008F16E7 /* Build configuration list for PBXNativeTarget "TinyReminders" */ = {
			isa = XCConfigurationList;
			buildConfigurations = (
				8B48732B1DC239AF008F16E7 /* Debug */,
				8B48732C1DC239AF008F16E7 /* Release */,
			);
			defaultConfigurationIsVisible = 0;
		};
/* End XCConfigurationList section */
	};
	rootObject = 8B48730E1DC239AE008F16E7 /* Project object */;
}
