// !$*UTF8*$!
{
	archiveVersion = 1;
	classes = {
	};
	objectVersion = 46;
	objects = {

/* Begin PBXBuildFile section */
		8B806DE11DB93B7D00F0E66D /* AppDelegate.swift in Sources */ = {isa = PBXBuildFile; fileRef = 8B806DE01DB93B7D00F0E66D /* AppDelegate.swift */; };
		8B806DE31DB93B7D00F0E66D /* ViewController.swift in Sources */ = {isa = PBXBuildFile; fileRef = 8B806DE21DB93B7D00F0E66D /* ViewController.swift */; };
		8B806DE61DB93B7D00F0E66D /* Main.storyboard in Resources */ = {isa = PBXBuildFile; fileRef = 8B806DE41DB93B7D00F0E66D /* Main.storyboard */; };
		8B806DE81DB93B7D00F0E66D /* Assets.xcassets in Resources */ = {isa = PBXBuildFile; fileRef = 8B806DE71DB93B7D00F0E66D /* Assets.xcassets */; };
		8B806DEB1DB93B7D00F0E66D /* LaunchScreen.storyboard in Resources */ = {isa = PBXBuildFile; fileRef = 8B806DE91DB93B7D00F0E66D /* LaunchScreen.storyboard */; };
/* End PBXBuildFile section */

/* Begin PBXFileReference section */
		8B806DDD1DB93B7D00F0E66D /* Calculator.app */ = {isa = PBXFileReference; explicitFileType = wrapper.application; includeInIndex = 0; path = Calculator.app; sourceTree = BUILT_PRODUCTS_DIR; };
		8B806DE01DB93B7D00F0E66D /* AppDelegate.swift */ = {isa = PBXFileReference; lastKnownFileType = sourcecode.swift; path = AppDelegate.swift; sourceTree = "<group>"; };
		8B806DE21DB93B7D00F0E66D /* ViewController.swift */ = {isa = PBXFileReference; lastKnownFileType = sourcecode.swift; path = ViewController.swift; sourceTree = "<group>"; };
		8B806DE51DB93B7D00F0E66D /* Base */ = {isa = PBXFileReference; lastKnownFileType = file.storyboard; name = Base; path = Base.lproj/Main.storyboard; sourceTree = "<group>"; };
		8B806DE71DB93B7D00F0E66D /* Assets.xcassets */ = {isa = PBXFileReference; lastKnownFileType = folder.assetcatalog; path = Assets.xcassets; sourceTree = "<group>"; };
		8B806DEA1DB93B7D00F0E66D /* Base */ = {isa = PBXFileReference; lastKnownFileType = file.storyboard; name = Base; path = Base.lproj/LaunchScreen.storyboard; sourceTree = "<group>"; };
		8B806DEC1DB93B7D00F0E66D /* Info.plist */ = {isa = PBXFileReference; lastKnownFileType = text.plist.xml; path = Info.plist; sourceTree = "<group>"; };
/* End PBXFileReference section */

/* Begin PBXFrameworksBuildPhase section */
		8B806DDA1DB93B7C00F0E66D /* Frameworks */ = {
			isa = PBXFrameworksBuildPhase;
			buildActionMask = 2147483647;
			files = (
			);
			runOnlyForDeploymentPostprocessing = 0;
		};
/* End PBXFrameworksBuildPhase section */

/* Begin PBXGroup section */
		8B806DD41DB93B7C00F0E66D = {
			isa = PBXGroup;
			children = (
				8B806DDF1DB93B7D00F0E66D /* Calculator */,
				8B806DDE1DB93B7D00F0E66D /* Products */,
			);
			sourceTree = "<group>";
		};
		8B806DDE1DB93B7D00F0E66D /* Products */ = {
			isa = PBXGroup;
			children = (
				8B806DDD1DB93B7D00F0E66D /* Calculator.app */,
			);
			name = Products;
			sourceTree = "<group>";
		};
		8B806DDF1DB93B7D00F0E66D /* Calculator */ = {
			isa = PBXGroup;
			children = (
				8B806DF21DB93BB200F0E66D /* Supporting Files */,
				8B806DE21DB93B7D00F0E66D /* ViewController.swift */,
				8B806DE41DB93B7D00F0E66D /* Main.storyboard */,
			);
			path = Calculator;
			sourceTree = "<group>";
		};
		8B806DF21DB93BB200F0E66D /* Supporting Files */ = {
			isa = PBXGroup;
			children = (
				8B806DE01DB93B7D00F0E66D /* AppDelegate.swift */,
				8B806DE71DB93B7D00F0E66D /* Assets.xcassets */,
				8B806DE91DB93B7D00F0E66D /* LaunchScreen.storyboard */,
				8B806DEC1DB93B7D00F0E66D /* Info.plist */,
			);
			name = "Supporting Files";
			sourceTree = "<group>";
		};
/* End PBXGroup section */

/* Begin PBXNativeTarget section */
		8B806DDC1DB93B7C00F0E66D /* Calculator */ = {
			isa = PBXNativeTarget;
			buildConfigurationList = 8B806DEF1DB93B7D00F0E66D /* Build configuration list for PBXNativeTarget "Calculator" */;
			buildPhases = (
				8B806DD91DB93B7C00F0E66D /* Sources */,
				8B806DDA1DB93B7C00F0E66D /* Frameworks */,
				8B806DDB1DB93B7C00F0E66D /* Resources */,
			);
			buildRules = (
			);
			dependencies = (
			);
			name = Calculator;
			productName = Calculator;
			productReference = 8B806DDD1DB93B7D00F0E66D /* Calculator.app */;
			productType = "com.apple.product-type.application";
		};
/* End PBXNativeTarget section */

/* Begin PBXProject section */
		8B806DD51DB93B7C00F0E66D /* Project object */ = {
			isa = PBXProject;
			attributes = {
				LastSwiftUpdateCheck = 0720;
				LastUpgradeCheck = 0720;
				ORGANIZATIONNAME = SJSU;
				TargetAttributes = {
					8B806DDC1DB93B7C00F0E66D = {
						CreatedOnToolsVersion = 7.2.1;
						DevelopmentTeam = T33N5T7876;
					};
				};
			};
			buildConfigurationList = 8B806DD81DB93B7C00F0E66D /* Build configuration list for PBXProject "Calculator" */;
			compatibilityVersion = "Xcode 3.2";
			developmentRegion = English;
			hasScannedForEncodings = 0;
			knownRegions = (
				en,
				Base,
			);
			mainGroup = 8B806DD41DB93B7C00F0E66D;
			productRefGroup = 8B806DDE1DB93B7D00F0E66D /* Products */;
			projectDirPath = "";
			projectRoot = "";
			targets = (
				8B806DDC1DB93B7C00F0E66D /* Calculator */,
			);
		};
/* End PBXProject section */

/* Begin PBXResourcesBuildPhase section */
		8B806DDB1DB93B7C00F0E66D /* Resources */ = {
			isa = PBXResourcesBuildPhase;
			buildActionMask = 2147483647;
			files = (
				8B806DEB1DB93B7D00F0E66D /* LaunchScreen.storyboard in Resources */,
				8B806DE81DB93B7D00F0E66D /* Assets.xcassets in Resources */,
				8B806DE61DB93B7D00F0E66D /* Main.storyboard in Resources */,
			);
			runOnlyForDeploymentPostprocessing = 0;
		};
/* End PBXResourcesBuildPhase section */

/* Begin PBXSourcesBuildPhase section */
		8B806DD91DB93B7C00F0E66D /* Sources */ = {
			isa = PBXSourcesBuildPhase;
			buildActionMask = 2147483647;
			files = (
				8B806DE31DB93B7D00F0E66D /* ViewController.swift in Sources */,
				8B806DE11DB93B7D00F0E66D /* AppDelegate.swift in Sources */,
			);
			runOnlyForDeploymentPostprocessing = 0;
		};
/* End PBXSourcesBuildPhase section */

/* Begin PBXVariantGroup section */
		8B806DE41DB93B7D00F0E66D /* Main.storyboard */ = {
			isa = PBXVariantGroup;
			children = (
				8B806DE51DB93B7D00F0E66D /* Base */,
			);
			name = Main.storyboard;
			sourceTree = "<group>";
		};
		8B806DE91DB93B7D00F0E66D /* LaunchScreen.storyboard */ = {
			isa = PBXVariantGroup;
			children = (
				8B806DEA1DB93B7D00F0E66D /* Base */,
			);
			name = LaunchScreen.storyboard;
			sourceTree = "<group>";
		};
/* End PBXVariantGroup section */

/* Begin XCBuildConfiguration section */
		8B806DED1DB93B7D00F0E66D /* Debug */ = {
			isa = XCBuildConfiguration;
			buildSettings = {
				ALWAYS_SEARCH_USER_PATHS = NO;
				CLANG_CXX_LANGUAGE_STANDARD = "gnu++0x";
				CLANG_CXX_LIBRARY = "libc++";
				CLANG_ENABLE_MODULES = YES;
				CLANG_ENABLE_OBJC_ARC = YES;
				CLANG_WARN_BOOL_CONVERSION = YES;
				CLANG_WARN_CONSTANT_CONVERSION = YES;
				CLANG_WARN_DIRECT_OBJC_ISA_USAGE = YES_ERROR;
				CLANG_WARN_EMPTY_BODY = YES;
				CLANG_WARN_ENUM_CONVERSION = YES;
				CLANG_WARN_INT_CONVERSION = YES;
				CLANG_WARN_OBJC_ROOT_CLASS = YES_ERROR;
				CLANG_WARN_UNREACHABLE_CODE = YES;
				CLANG_WARN__DUPLICATE_METHOD_MATCH = YES;
				"CODE_SIGN_IDENTITY[sdk=iphoneos*]" = "iPhone Developer";
				COPY_PHASE_STRIP = NO;
				DEBUG_INFORMATION_FORMAT = dwarf;
				ENABLE_STRICT_OBJC_MSGSEND = YES;
				ENABLE_TESTABILITY = YES;
				GCC_C_LANGUAGE_STANDARD = gnu99;
				GCC_DYNAMIC_NO_PIC = NO;
				GCC_NO_COMMON_BLOCKS = YES;
				GCC_OPTIMIZATION_LEVEL = 0;
				GCC_PREPROCESSOR_DEFINITIONS = (
					"DEBUG=1",
					"$(inherited)",
				);
				GCC_WARN_64_TO_32_BIT_CONVERSION = YES;
				GCC_WARN_ABOUT_RETURN_TYPE = YES_ERROR;
				GCC_WARN_UNDECLARED_SELECTOR = YES;
				GCC_WARN_UNINITIALIZED_AUTOS = YES_AGGRESSIVE;
				GCC_WARN_UNUSED_FUNCTION = YES;
				GCC_WARN_UNUSED_VARIABLE = YES;
				IPHONEOS_DEPLOYMENT_TARGET = 9.2;
				MTL_ENABLE_DEBUG_INFO = YES;
				ONLY_ACTIVE_ARCH = YES;
				SDKROOT = iphoneos;
				SWIFT_OPTIMIZATION_LEVEL = "-Onone";
				TARGETED_DEVICE_FAMILY = "1,2";
			};
			name = Debug;
		};
		8B806DEE1DB93B7D00F0E66D /* Release */ = {
			isa = XCBuildConfiguration;
			buildSettings = {
				ALWAYS_SEARCH_USER_PATHS = NO;
				CLANG_CXX_LANGUAGE_STANDARD = "gnu++0x";
				CLANG_CXX_LIBRARY = "libc++";
				CLANG_ENABLE_MODULES = YES;
				CLANG_ENABLE_OBJC_ARC = YES;
				CLANG_WARN_BOOL_CONVERSION = YES;
				CLANG_WARN_CONSTANT_CONVERSION = YES;
				CLANG_WARN_DIRECT_OBJC_ISA_USAGE = YES_ERROR;
				CLANG_WARN_EMPTY_BODY = YES;
				CLANG_WARN_ENUM_CONVERSION = YES;
				CLANG_WARN_INT_CONVERSION = YES;
				CLANG_WARN_OBJC_ROOT_CLASS = YES_ERROR;
				CLANG_WARN_UNREACHABLE_CODE = YES;
				CLANG_WARN__DUPLICATE_METHOD_MATCH = YES;
				"CODE_SIGN_IDENTITY[sdk=iphoneos*]" = "iPhone Developer";
				COPY_PHASE_STRIP = NO;
				DEBUG_INFORMATION_FORMAT = "dwarf-with-dsym";
				ENABLE_NS_ASSERTIONS = NO;
				ENABLE_STRICT_OBJC_MSGSEND = YES;
				GCC_C_LANGUAGE_STANDARD = gnu99;
				GCC_NO_COMMON_BLOCKS = YES;
				GCC_WARN_64_TO_32_BIT_CONVERSION = YES;
				GCC_WARN_ABOUT_RETURN_TYPE = YES_ERROR;
				GCC_WARN_UNDECLARED_SELECTOR = YES;
				GCC_WARN_UNINITIALIZED_AUTOS = YES_AGGRESSIVE;
				GCC_WARN_UNUSED_FUNCTION = YES;
				GCC_WARN_UNUSED_VARIABLE = YES;
				IPHONEOS_DEPLOYMENT_TARGET = 9.2;
				MTL_ENABLE_DEBUG_INFO = NO;
				SDKROOT = iphoneos;
				TARGETED_DEVICE_FAMILY = "1,2";
				VALIDATE_PRODUCT = YES;
			};
			name = Release;
		};
		8B806DF01DB93B7D00F0E66D /* Debug */ = {
			isa = XCBuildConfiguration;
			buildSettings = {
				ASSETCATALOG_COMPILER_APPICON_NAME = AppIcon;
				INFOPLIST_FILE = Calculator/Info.plist;
				LD_RUNPATH_SEARCH_PATHS = "$(inherited) @executable_path/Frameworks";
				PRODUCT_BUNDLE_IDENTIFIER = com.sjsu.cs175.instructor.Calculator;
				PRODUCT_NAME = "$(TARGET_NAME)";
			};
			name = Debug;
		};
		8B806DF11DB93B7D00F0E66D /* Release */ = {
			isa = XCBuildConfiguration;
			buildSettings = {
				ASSETCATALOG_COMPILER_APPICON_NAME = AppIcon;
				INFOPLIST_FILE = Calculator/Info.plist;
				LD_RUNPATH_SEARCH_PATHS = "$(inherited) @executable_path/Frameworks";
				PRODUCT_BUNDLE_IDENTIFIER = com.sjsu.cs175.instructor.Calculator;
				PRODUCT_NAME = "$(TARGET_NAME)";
			};
			name = Release;
		};
/* End XCBuildConfiguration section */

/* Begin XCConfigurationList section */
		8B806DD81DB93B7C00F0E66D /* Build configuration list for PBXProject "Calculator" */ = {
			isa = XCConfigurationList;
			buildConfigurations = (
				8B806DED1DB93B7D00F0E66D /* Debug */,
				8B806DEE1DB93B7D00F0E66D /* Release */,
			);
			defaultConfigurationIsVisible = 0;
			defaultConfigurationName = Release;
		};
		8B806DEF1DB93B7D00F0E66D /* Build configuration list for PBXNativeTarget "Calculator" */ = {
			isa = XCConfigurationList;
			buildConfigurations = (
				8B806DF01DB93B7D00F0E66D /* Debug */,
				8B806DF11DB93B7D00F0E66D /* Release */,
			);
			defaultConfigurationIsVisible = 0;
		};
/* End XCConfigurationList section */
	};
	rootObject = 8B806DD51DB93B7C00F0E66D /* Project object */;
}
