// !$*UTF8*$!
{
	archiveVersion = 1;
	classes = {
	};
	objectVersion = 46;
	objects = {

/* Begin PBXBuildFile section */
		8B6B1B321DBFCC4A00501F54 /* FaceView.swift in Sources */ = {isa = PBXBuildFile; fileRef = 8B6B1B311DBFCC4A00501F54 /* FaceView.swift */; };
		8B6B4FCF1DD23ABC0013CCE9 /* FaceExpression.swift in Sources */ = {isa = PBXBuildFile; fileRef = 8B6B4FCE1DD23ABC0013CCE9 /* FaceExpression.swift */; };
		8B806E021DB94B7600F0E66D /* AppDelegate.swift in Sources */ = {isa = PBXBuildFile; fileRef = 8B806E011DB94B7600F0E66D /* AppDelegate.swift */; };
		8B806E041DB94B7600F0E66D /* FaceViewController.swift in Sources */ = {isa = PBXBuildFile; fileRef = 8B806E031DB94B7600F0E66D /* FaceViewController.swift */; };
		8B806E071DB94B7600F0E66D /* Main.storyboard in Resources */ = {isa = PBXBuildFile; fileRef = 8B806E051DB94B7600F0E66D /* Main.storyboard */; };
		8B806E091DB94B7600F0E66D /* Assets.xcassets in Resources */ = {isa = PBXBuildFile; fileRef = 8B806E081DB94B7600F0E66D /* Assets.xcassets */; };
		8B806E0C1DB94B7600F0E66D /* LaunchScreen.storyboard in Resources */ = {isa = PBXBuildFile; fileRef = 8B806E0A1DB94B7600F0E66D /* LaunchScreen.storyboard */; };
/* End PBXBuildFile section */

/* Begin PBXFileReference section */
		8B6B1B311DBFCC4A00501F54 /* FaceView.swift */ = {isa = PBXFileReference; fileEncoding = 4; lastKnownFileType = sourcecode.swift; path = FaceView.swift; sourceTree = "<group>"; };
		8B6B4FCE1DD23ABC0013CCE9 /* FaceExpression.swift */ = {isa = PBXFileReference; fileEncoding = 4; lastKnownFileType = sourcecode.swift; path = FaceExpression.swift; sourceTree = "<group>"; };
		8B806DFE1DB94B7600F0E66D /* DrawFace.app */ = {isa = PBXFileReference; explicitFileType = wrapper.application; includeInIndex = 0; path = DrawFace.app; sourceTree = BUILT_PRODUCTS_DIR; };
		8B806E011DB94B7600F0E66D /* AppDelegate.swift */ = {isa = PBXFileReference; lastKnownFileType = sourcecode.swift; path = AppDelegate.swift; sourceTree = "<group>"; };
		8B806E031DB94B7600F0E66D /* FaceViewController.swift */ = {isa = PBXFileReference; lastKnownFileType = sourcecode.swift; path = FaceViewController.swift; sourceTree = "<group>"; };
		8B806E061DB94B7600F0E66D /* Base */ = {isa = PBXFileReference; lastKnownFileType = file.storyboard; name = Base; path = Base.lproj/Main.storyboard; sourceTree = "<group>"; };
		8B806E081DB94B7600F0E66D /* Assets.xcassets */ = {isa = PBXFileReference; lastKnownFileType = folder.assetcatalog; path = Assets.xcassets; sourceTree = "<group>"; };
		8B806E0B1DB94B7600F0E66D /* Base */ = {isa = PBXFileReference; lastKnownFileType = file.storyboard; name = Base; path = Base.lproj/LaunchScreen.storyboard; sourceTree = "<group>"; };
		8B806E0D1DB94B7600F0E66D /* Info.plist */ = {isa = PBXFileReference; lastKnownFileType = text.plist.xml; path = Info.plist; sourceTree = "<group>"; };
/* End PBXFileReference section */

/* Begin PBXFrameworksBuildPhase section */
		8B806DFB1DB94B7600F0E66D /* Frameworks */ = {
			isa = PBXFrameworksBuildPhase;
			buildActionMask = 2147483647;
			files = (
			);
			runOnlyForDeploymentPostprocessing = 0;
		};
/* End PBXFrameworksBuildPhase section */

/* Begin PBXGroup section */
		8B6B1B301DBFCBCC00501F54 /* Supporting files */ = {
			isa = PBXGroup;
			children = (
				8B806E011DB94B7600F0E66D /* AppDelegate.swift */,
				8B806E081DB94B7600F0E66D /* Assets.xcassets */,
				8B806E0A1DB94B7600F0E66D /* LaunchScreen.storyboard */,
				8B806E0D1DB94B7600F0E66D /* Info.plist */,
			);
			name = "Supporting files";
			sourceTree = "<group>";
		};
		8B806DF51DB94B7500F0E66D = {
			isa = PBXGroup;
			children = (
				8B806E001DB94B7600F0E66D /* DrawFace */,
				8B806DFF1DB94B7600F0E66D /* Products */,
			);
			sourceTree = "<group>";
		};
		8B806DFF1DB94B7600F0E66D /* Products */ = {
			isa = PBXGroup;
			children = (
				8B806DFE1DB94B7600F0E66D /* DrawFace.app */,
			);
			name = Products;
			sourceTree = "<group>";
		};
		8B806E001DB94B7600F0E66D /* DrawFace */ = {
			isa = PBXGroup;
			children = (
				8B6B1B301DBFCBCC00501F54 /* Supporting files */,
				8B806E031DB94B7600F0E66D /* FaceViewController.swift */,
				8B6B4FCE1DD23ABC0013CCE9 /* FaceExpression.swift */,
				8B6B1B311DBFCC4A00501F54 /* FaceView.swift */,
				8B806E051DB94B7600F0E66D /* Main.storyboard */,
			);
			path = DrawFace;
			sourceTree = "<group>";
		};
/* End PBXGroup section */

/* Begin PBXNativeTarget section */
		8B806DFD1DB94B7600F0E66D /* DrawFace */ = {
			isa = PBXNativeTarget;
			buildConfigurationList = 8B806E101DB94B7600F0E66D /* Build configuration list for PBXNativeTarget "DrawFace" */;
			buildPhases = (
				8B806DFA1DB94B7600F0E66D /* Sources */,
				8B806DFB1DB94B7600F0E66D /* Frameworks */,
				8B806DFC1DB94B7600F0E66D /* Resources */,
			);
			buildRules = (
			);
			dependencies = (
			);
			name = DrawFace;
			productName = DrawFace;
			productReference = 8B806DFE1DB94B7600F0E66D /* DrawFace.app */;
			productType = "com.apple.product-type.application";
		};
/* End PBXNativeTarget section */

/* Begin PBXProject section */
		8B806DF61DB94B7500F0E66D /* Project object */ = {
			isa = PBXProject;
			attributes = {
				LastSwiftUpdateCheck = 0720;
				LastUpgradeCheck = 0720;
				ORGANIZATIONNAME = SJSU;
				TargetAttributes = {
					8B806DFD1DB94B7600F0E66D = {
						CreatedOnToolsVersion = 7.2.1;
						DevelopmentTeam = T33N5T7876;
					};
				};
			};
			buildConfigurationList = 8B806DF91DB94B7500F0E66D /* Build configuration list for PBXProject "DrawFace" */;
			compatibilityVersion = "Xcode 3.2";
			developmentRegion = English;
			hasScannedForEncodings = 0;
			knownRegions = (
				en,
				Base,
			);
			mainGroup = 8B806DF51DB94B7500F0E66D;
			productRefGroup = 8B806DFF1DB94B7600F0E66D /* Products */;
			projectDirPath = "";
			projectRoot = "";
			targets = (
				8B806DFD1DB94B7600F0E66D /* DrawFace */,
			);
		};
/* End PBXProject section */

/* Begin PBXResourcesBuildPhase section */
		8B806DFC1DB94B7600F0E66D /* Resources */ = {
			isa = PBXResourcesBuildPhase;
			buildActionMask = 2147483647;
			files = (
				8B806E0C1DB94B7600F0E66D /* LaunchScreen.storyboard in Resources */,
				8B806E091DB94B7600F0E66D /* Assets.xcassets in Resources */,
				8B806E071DB94B7600F0E66D /* Main.storyboard in Resources */,
			);
			runOnlyForDeploymentPostprocessing = 0;
		};
/* End PBXResourcesBuildPhase section */

/* Begin PBXSourcesBuildPhase section */
		8B806DFA1DB94B7600F0E66D /* Sources */ = {
			isa = PBXSourcesBuildPhase;
			buildActionMask = 2147483647;
			files = (
				8B806E041DB94B7600F0E66D /* FaceViewController.swift in Sources */,
				8B806E021DB94B7600F0E66D /* AppDelegate.swift in Sources */,
				8B6B4FCF1DD23ABC0013CCE9 /* FaceExpression.swift in Sources */,
				8B6B1B321DBFCC4A00501F54 /* FaceView.swift in Sources */,
			);
			runOnlyForDeploymentPostprocessing = 0;
		};
/* End PBXSourcesBuildPhase section */

/* Begin PBXVariantGroup section */
		8B806E051DB94B7600F0E66D /* Main.storyboard */ = {
			isa = PBXVariantGroup;
			children = (
				8B806E061DB94B7600F0E66D /* Base */,
			);
			name = Main.storyboard;
			sourceTree = "<group>";
		};
		8B806E0A1DB94B7600F0E66D /* LaunchScreen.storyboard */ = {
			isa = PBXVariantGroup;
			children = (
				8B806E0B1DB94B7600F0E66D /* Base */,
			);
			name = LaunchScreen.storyboard;
			sourceTree = "<group>";
		};
/* End PBXVariantGroup section */

/* Begin XCBuildConfiguration section */
		8B806E0E1DB94B7600F0E66D /* Debug */ = {
			isa = XCBuildConfiguration;
			buildSettings = {
				ALWAYS_SEARCH_USER_PATHS = NO;
				CLANG_CXX_LANGUAGE_STANDARD = "gnu++0x";
				CLANG_CXX_LIBRARY = "libc++";
				CLANG_ENABLE_MODULES = YES;
				CLANG_ENABLE_OBJC_ARC = YES;
				CLANG_WARN_BOOL_CONVERSION = YES;
				CLANG_WARN_CONSTANT_CONVERSION = YES;
				CLANG_WARN_DIRECT_OBJC_ISA_USAGE = YES_ERROR;
				CLANG_WARN_EMPTY_BODY = YES;
				CLANG_WARN_ENUM_CONVERSION = YES;
				CLANG_WARN_INT_CONVERSION = YES;
				CLANG_WARN_OBJC_ROOT_CLASS = YES_ERROR;
				CLANG_WARN_UNREACHABLE_CODE = YES;
				CLANG_WARN__DUPLICATE_METHOD_MATCH = YES;
				"CODE_SIGN_IDENTITY[sdk=iphoneos*]" = "iPhone Developer";
				COPY_PHASE_STRIP = NO;
				DEBUG_INFORMATION_FORMAT = dwarf;
				ENABLE_STRICT_OBJC_MSGSEND = YES;
				ENABLE_TESTABILITY = YES;
				GCC_C_LANGUAGE_STANDARD = gnu99;
				GCC_DYNAMIC_NO_PIC = NO;
				GCC_NO_COMMON_BLOCKS = YES;
				GCC_OPTIMIZATION_LEVEL = 0;
				GCC_PREPROCESSOR_DEFINITIONS = (
					"DEBUG=1",
					"$(inherited)",
				);
				GCC_WARN_64_TO_32_BIT_CONVERSION = YES;
				GCC_WARN_ABOUT_RETURN_TYPE = YES_ERROR;
				GCC_WARN_UNDECLARED_SELECTOR = YES;
				GCC_WARN_UNINITIALIZED_AUTOS = YES_AGGRESSIVE;
				GCC_WARN_UNUSED_FUNCTION = YES;
				GCC_WARN_UNUSED_VARIABLE = YES;
				IPHONEOS_DEPLOYMENT_TARGET = 9.2;
				MTL_ENABLE_DEBUG_INFO = YES;
				ONLY_ACTIVE_ARCH = YES;
				SDKROOT = iphoneos;
				SWIFT_OPTIMIZATION_LEVEL = "-Onone";
				TARGETED_DEVICE_FAMILY = "1,2";
			};
			name = Debug;
		};
		8B806E0F1DB94B7600F0E66D /* Release */ = {
			isa = XCBuildConfiguration;
			buildSettings = {
				ALWAYS_SEARCH_USER_PATHS = NO;
				CLANG_CXX_LANGUAGE_STANDARD = "gnu++0x";
				CLANG_CXX_LIBRARY = "libc++";
				CLANG_ENABLE_MODULES = YES;
				CLANG_ENABLE_OBJC_ARC = YES;
				CLANG_WARN_BOOL_CONVERSION = YES;
				CLANG_WARN_CONSTANT_CONVERSION = YES;
				CLANG_WARN_DIRECT_OBJC_ISA_USAGE = YES_ERROR;
				CLANG_WARN_EMPTY_BODY = YES;
				CLANG_WARN_ENUM_CONVERSION = YES;
				CLANG_WARN_INT_CONVERSION = YES;
				CLANG_WARN_OBJC_ROOT_CLASS = YES_ERROR;
				CLANG_WARN_UNREACHABLE_CODE = YES;
				CLANG_WARN__DUPLICATE_METHOD_MATCH = YES;
				"CODE_SIGN_IDENTITY[sdk=iphoneos*]" = "iPhone Developer";
				COPY_PHASE_STRIP = NO;
				DEBUG_INFORMATION_FORMAT = "dwarf-with-dsym";
				ENABLE_NS_ASSERTIONS = NO;
				ENABLE_STRICT_OBJC_MSGSEND = YES;
				GCC_C_LANGUAGE_STANDARD = gnu99;
				GCC_NO_COMMON_BLOCKS = YES;
				GCC_WARN_64_TO_32_BIT_CONVERSION = YES;
				GCC_WARN_ABOUT_RETURN_TYPE = YES_ERROR;
				GCC_WARN_UNDECLARED_SELECTOR = YES;
				GCC_WARN_UNINITIALIZED_AUTOS = YES_AGGRESSIVE;
				GCC_WARN_UNUSED_FUNCTION = YES;
				GCC_WARN_UNUSED_VARIABLE = YES;
				IPHONEOS_DEPLOYMENT_TARGET = 9.2;
				MTL_ENABLE_DEBUG_INFO = NO;
				SDKROOT = iphoneos;
				TARGETED_DEVICE_FAMILY = "1,2";
				VALIDATE_PRODUCT = YES;
			};
			name = Release;
		};
		8B806E111DB94B7600F0E66D /* Debug */ = {
			isa = XCBuildConfiguration;
			buildSettings = {
				ASSETCATALOG_COMPILER_APPICON_NAME = AppIcon;
				INFOPLIST_FILE = DrawFace/Info.plist;
				LD_RUNPATH_SEARCH_PATHS = "$(inherited) @executable_path/Frameworks";
				PRODUCT_BUNDLE_IDENTIFIER = com.sjsu.cs175.instructor.DrawFace;
				PRODUCT_NAME = "$(TARGET_NAME)";
			};
			name = Debug;
		};
		8B806E121DB94B7600F0E66D /* Release */ = {
			isa = XCBuildConfiguration;
			buildSettings = {
				ASSETCATALOG_COMPILER_APPICON_NAME = AppIcon;
				INFOPLIST_FILE = DrawFace/Info.plist;
				LD_RUNPATH_SEARCH_PATHS = "$(inherited) @executable_path/Frameworks";
				PRODUCT_BUNDLE_IDENTIFIER = com.sjsu.cs175.instructor.DrawFace;
				PRODUCT_NAME = "$(TARGET_NAME)";
			};
			name = Release;
		};
/* End XCBuildConfiguration section */

/* Begin XCConfigurationList section */
		8B806DF91DB94B7500F0E66D /* Build configuration list for PBXProject "DrawFace" */ = {
			isa = XCConfigurationList;
			buildConfigurations = (
				8B806E0E1DB94B7600F0E66D /* Debug */,
				8B806E0F1DB94B7600F0E66D /* Release */,
			);
			defaultConfigurationIsVisible = 0;
			defaultConfigurationName = Release;
		};
		8B806E101DB94B7600F0E66D /* Build configuration list for PBXNativeTarget "DrawFace" */ = {
			isa = XCConfigurationList;
			buildConfigurations = (
				8B806E111DB94B7600F0E66D /* Debug */,
				8B806E121DB94B7600F0E66D /* Release */,
			);
			defaultConfigurationIsVisible = 0;
			defaultConfigurationName = Release;
		};
/* End XCConfigurationList section */
	};
	rootObject = 8B806DF61DB94B7500F0E66D /* Project object */;
}
